
Microsoft Visual Studio Solution File, Format Version 12.00
# Visual Studio Version 17
VisualStudioVersion = 17.13.35806.99 d17.13
MinimumVisualStudioVersion = 10.0.40219.1
Project("{FAE04EC0-301F-11D3-BF4B-00C04F79EFBC}") = "chatbot", "chatbot.csproj", "{7A0B4004-68E3-464B-9711-41C1172AF896}"
EndProject
Global
	GlobalSection(SolutionConfigurationPlatforms) = preSolution
		Debug|Any CPU = Debug|Any CPU
		Release|Any CPU = Release|Any CPU
	EndGlobalSection
	GlobalSection(ProjectConfigurationPlatforms) = postSolution
		{7A0B4004-68E3-464B-9711-41C1172AF896}.Debug|Any CPU.ActiveCfg = Debug|Any CPU
		{7A0B4004-68E3-464B-9711-41C1172AF896}.Debug|Any CPU.Build.0 = Debug|Any CPU
		{7A0B4004-68E3-464B-9711-41C1172AF896}.Release|Any CPU.ActiveCfg = Release|Any CPU
		{7A0B4004-68E3-464B-9711-41C1172AF896}.Release|Any CPU.Build.0 = Release|Any CPU
	EndGlobalSection
	GlobalSection(SolutionProperties) = preSolution
		HideSolutionNode = FALSE
	EndGlobalSection
	GlobalSection(ExtensibilityGlobals) = postSolution
		SolutionGuid = {826EABBF-D909-418B-949C-0C42FAA10EBA}
	EndGlobalSection
EndGlobal
